// !$*UTF8*$!
{
	archiveVersion = 1;
	classes = {
	};
	objectVersion = 50;
	objects = {

/* Begin PBXBuildFile section */
		751FC4A125BF5794003CEDE9 /* Assets.xcassets in Resources */ = {isa = PBXBuildFile; fileRef = 751FC4A025BF5794003CEDE9 /* Assets.xcassets */; };
		751FC4A425BF5794003CEDE9 /* LaunchScreen.storyboard in Resources */ = {isa = PBXBuildFile; fileRef = 751FC4A225BF5794003CEDE9 /* LaunchScreen.storyboard */; };
		751FC4BD25BF632D003CEDE9 /* Main.storyboard in Resources */ = {isa = PBXBuildFile; fileRef = 751FC4BB25BF632D003CEDE9 /* Main.storyboard */; };
		754D95B725C81B3A00206C51 /* Info.plist in Resources */ = {isa = PBXBuildFile; fileRef = 754D95A625C81B3900206C51 /* Info.plist */; };
		754D95B825C81B3A00206C51 /* AppDelegate.swift in Sources */ = {isa = PBXBuildFile; fileRef = 754D95A725C81B3A00206C51 /* AppDelegate.swift */; };
		754D95BA25C81B3A00206C51 /* SceneDelegate.swift in Sources */ = {isa = PBXBuildFile; fileRef = 754D95A925C81B3A00206C51 /* SceneDelegate.swift */; };
		754D95BB25C81B3A00206C51 /* Media.xcassets in Resources */ = {isa = PBXBuildFile; fileRef = 754D95AB25C81B3A00206C51 /* Media.xcassets */; };
		754D95BC25C81B3A00206C51 /* Movie.swift in Sources */ = {isa = PBXBuildFile; fileRef = 754D95AC25C81B3A00206C51 /* Movie.swift */; };
		754D95BF25C81B3A00206C51 /* ServiceManager.swift in Sources */ = {isa = PBXBuildFile; fileRef = 754D95B025C81B3A00206C51 /* ServiceManager.swift */; };
		754D95C025C81B3A00206C51 /* MovieListViewController.swift in Sources */ = {isa = PBXBuildFile; fileRef = 754D95B225C81B3A00206C51 /* MovieListViewController.swift */; };
		754D95C125C81B3A00206C51 /* MovieCollectionViewCell.swift in Sources */ = {isa = PBXBuildFile; fileRef = 754D95B425C81B3A00206C51 /* MovieCollectionViewCell.swift */; };
		754D95C225C81B3A00206C51 /* MovieCollectionViewCell.xib in Resources */ = {isa = PBXBuildFile; fileRef = 754D95B525C81B3A00206C51 /* MovieCollectionViewCell.xib */; };
		754D95C325C81B3A00206C51 /* MovieDetailViewController.swift in Sources */ = {isa = PBXBuildFile; fileRef = 754D95B625C81B3A00206C51 /* MovieDetailViewController.swift */; };
		754D95CC25C81BF800206C51 /* FavMovie+CoreDataClass.swift in Sources */ = {isa = PBXBuildFile; fileRef = 754D95CA25C81BF800206C51 /* FavMovie+CoreDataClass.swift */; };
		754D95CD25C81BF800206C51 /* FavMovie+CoreDataProperties.swift in Sources */ = {isa = PBXBuildFile; fileRef = 754D95CB25C81BF800206C51 /* FavMovie+CoreDataProperties.swift */; };
		75802ED225C23F5A00930047 /* MovieDBApp.xcdatamodeld in Sources */ = {isa = PBXBuildFile; fileRef = 751FC49D25BF578F003CEDE9 /* MovieDBApp.xcdatamodeld */; };
/* End PBXBuildFile section */

/* Begin PBXFileReference section */
		751FC49125BF578F003CEDE9 /* MovieDBApp.app */ = {isa = PBXFileReference; explicitFileType = wrapper.application; includeInIndex = 0; path = MovieDBApp.app; sourceTree = BUILT_PRODUCTS_DIR; };
		751FC49E25BF578F003CEDE9 /* MovieDBApp.xcdatamodel */ = {isa = PBXFileReference; lastKnownFileType = wrapper.xcdatamodel; path = MovieDBApp.xcdatamodel; sourceTree = "<group>"; };
		751FC4A025BF5794003CEDE9 /* Assets.xcassets */ = {isa = PBXFileReference; lastKnownFileType = folder.assetcatalog; path = Assets.xcassets; sourceTree = "<group>"; };
		751FC4A325BF5794003CEDE9 /* Base */ = {isa = PBXFileReference; lastKnownFileType = file.storyboard; name = Base; path = Base.lproj/LaunchScreen.storyboard; sourceTree = "<group>"; };
		751FC4BC25BF632D003CEDE9 /* Base */ = {isa = PBXFileReference; lastKnownFileType = file.storyboard; name = Base; path = Base.lproj/Main.storyboard; sourceTree = "<group>"; };
		754D95A625C81B3900206C51 /* Info.plist */ = {isa = PBXFileReference; fileEncoding = 4; lastKnownFileType = text.plist.xml; path = Info.plist; sourceTree = "<group>"; };
		754D95A725C81B3A00206C51 /* AppDelegate.swift */ = {isa = PBXFileReference; fileEncoding = 4; lastKnownFileType = sourcecode.swift; path = AppDelegate.swift; sourceTree = "<group>"; };
		754D95A925C81B3A00206C51 /* SceneDelegate.swift */ = {isa = PBXFileReference; fileEncoding = 4; lastKnownFileType = sourcecode.swift; path = SceneDelegate.swift; sourceTree = "<group>"; };
		754D95AB25C81B3A00206C51 /* Media.xcassets */ = {isa = PBXFileReference; lastKnownFileType = folder.assetcatalog; path = Media.xcassets; sourceTree = "<group>"; };
		754D95AC25C81B3A00206C51 /* Movie.swift */ = {isa = PBXFileReference; fileEncoding = 4; lastKnownFileType = sourcecode.swift; path = Movie.swift; sourceTree = "<group>"; };
		754D95B025C81B3A00206C51 /* ServiceManager.swift */ = {isa = PBXFileReference; fileEncoding = 4; lastKnownFileType = sourcecode.swift; path = ServiceManager.swift; sourceTree = "<group>"; };
		754D95B225C81B3A00206C51 /* MovieListViewController.swift */ = {isa = PBXFileReference; fileEncoding = 4; lastKnownFileType = sourcecode.swift; path = MovieListViewController.swift; sourceTree = "<group>"; };
		754D95B425C81B3A00206C51 /* MovieCollectionViewCell.swift */ = {isa = PBXFileReference; fileEncoding = 4; lastKnownFileType = sourcecode.swift; path = MovieCollectionViewCell.swift; sourceTree = "<group>"; };
		754D95B525C81B3A00206C51 /* MovieCollectionViewCell.xib */ = {isa = PBXFileReference; fileEncoding = 4; lastKnownFileType = file.xib; path = MovieCollectionViewCell.xib; sourceTree = "<group>"; };
		754D95B625C81B3A00206C51 /* MovieDetailViewController.swift */ = {isa = PBXFileReference; fileEncoding = 4; lastKnownFileType = sourcecode.swift; path = MovieDetailViewController.swift; sourceTree = "<group>"; };
		754D95CA25C81BF800206C51 /* FavMovie+CoreDataClass.swift */ = {isa = PBXFileReference; lastKnownFileType = sourcecode.swift; path = "FavMovie+CoreDataClass.swift"; sourceTree = "<group>"; };
		754D95CB25C81BF800206C51 /* FavMovie+CoreDataProperties.swift */ = {isa = PBXFileReference; lastKnownFileType = sourcecode.swift; path = "FavMovie+CoreDataProperties.swift"; sourceTree = "<group>"; };
/* End PBXFileReference section */

/* Begin PBXFrameworksBuildPhase section */
		751FC48E25BF578F003CEDE9 /* Frameworks */ = {
			isa = PBXFrameworksBuildPhase;
			buildActionMask = 2147483647;
			files = (
			);
			runOnlyForDeploymentPostprocessing = 0;
		};
/* End PBXFrameworksBuildPhase section */

/* Begin PBXGroup section */
		751FC48825BF578F003CEDE9 = {
			isa = PBXGroup;
			children = (
				751FC49325BF578F003CEDE9 /* MovieDBApp */,
				751FC49225BF578F003CEDE9 /* Products */,
			);
			sourceTree = "<group>";
		};
		751FC49225BF578F003CEDE9 /* Products */ = {
			isa = PBXGroup;
			children = (
				751FC49125BF578F003CEDE9 /* MovieDBApp.app */,
			);
			name = Products;
			sourceTree = "<group>";
		};
		751FC49325BF578F003CEDE9 /* MovieDBApp */ = {
			isa = PBXGroup;
			children = (
				754D95A725C81B3A00206C51 /* AppDelegate.swift */,
				754D95AA25C81B3A00206C51 /* Classes */,
				754D95A625C81B3900206C51 /* Info.plist */,
				754D95A925C81B3A00206C51 /* SceneDelegate.swift */,
				754D95B125C81B3A00206C51 /* ViewControllers */,
				751FC4A025BF5794003CEDE9 /* Assets.xcassets */,
				751FC4A225BF5794003CEDE9 /* LaunchScreen.storyboard */,
				751FC4BB25BF632D003CEDE9 /* Main.storyboard */,
				751FC49D25BF578F003CEDE9 /* MovieDBApp.xcdatamodeld */,
			);
			path = MovieDBApp;
			sourceTree = "<group>";
		};
		754D95AA25C81B3A00206C51 /* Classes */ = {
			isa = PBXGroup;
			children = (
				754D95AB25C81B3A00206C51 /* Media.xcassets */,
				754D95AC25C81B3A00206C51 /* Movie.swift */,
				754D95AD25C81B3A00206C51 /* models */,
				754D95B025C81B3A00206C51 /* ServiceManager.swift */,
			);
			path = Classes;
			sourceTree = "<group>";
		};
		754D95AD25C81B3A00206C51 /* models */ = {
			isa = PBXGroup;
			children = (
				754D95CA25C81BF800206C51 /* FavMovie+CoreDataClass.swift */,
				754D95CB25C81BF800206C51 /* FavMovie+CoreDataProperties.swift */,
			);
			path = models;
			sourceTree = "<group>";
		};
		754D95B125C81B3A00206C51 /* ViewControllers */ = {
			isa = PBXGroup;
			children = (
				754D95B225C81B3A00206C51 /* MovieListViewController.swift */,
				754D95B325C81B3A00206C51 /* Cell */,
				754D95B625C81B3A00206C51 /* MovieDetailViewController.swift */,
			);
			path = ViewControllers;
			sourceTree = "<group>";
		};
		754D95B325C81B3A00206C51 /* Cell */ = {
			isa = PBXGroup;
			children = (
				754D95B425C81B3A00206C51 /* MovieCollectionViewCell.swift */,
				754D95B525C81B3A00206C51 /* MovieCollectionViewCell.xib */,
			);
			path = Cell;
			sourceTree = "<group>";
		};
/* End PBXGroup section */

/* Begin PBXNativeTarget section */
		751FC49025BF578F003CEDE9 /* MovieDBApp */ = {
			isa = PBXNativeTarget;
			buildConfigurationList = 751FC4A825BF5794003CEDE9 /* Build configuration list for PBXNativeTarget "MovieDBApp" */;
			buildPhases = (
				751FC48D25BF578F003CEDE9 /* Sources */,
				751FC48E25BF578F003CEDE9 /* Frameworks */,
				751FC48F25BF578F003CEDE9 /* Resources */,
			);
			buildRules = (
			);
			dependencies = (
			);
			name = MovieDBApp;
			productName = MovieDBApp;
			productReference = 751FC49125BF578F003CEDE9 /* MovieDBApp.app */;
			productType = "com.apple.product-type.application";
		};
/* End PBXNativeTarget section */

/* Begin PBXProject section */
		751FC48925BF578F003CEDE9 /* Project object */ = {
			isa = PBXProject;
			attributes = {
				LastSwiftUpdateCheck = 1120;
				LastUpgradeCheck = 1120;
				ORGANIZATIONNAME = "Faig Garazade";
				TargetAttributes = {
					751FC49025BF578F003CEDE9 = {
						CreatedOnToolsVersion = 11.2.1;
						LastSwiftMigration = 1230;
					};
				};
			};
			buildConfigurationList = 751FC48C25BF578F003CEDE9 /* Build configuration list for PBXProject "MovieDBApp" */;
			compatibilityVersion = "Xcode 9.3";
			developmentRegion = en;
			hasScannedForEncodings = 0;
			knownRegions = (
				en,
				Base,
			);
			mainGroup = 751FC48825BF578F003CEDE9;
			productRefGroup = 751FC49225BF578F003CEDE9 /* Products */;
			projectDirPath = "";
			projectRoot = "";
			targets = (
				751FC49025BF578F003CEDE9 /* MovieDBApp */,
			);
		};
/* End PBXProject section */

/* Begin PBXResourcesBuildPhase section */
		751FC48F25BF578F003CEDE9 /* Resources */ = {
			isa = PBXResourcesBuildPhase;
			buildActionMask = 2147483647;
			files = (
				754D95B725C81B3A00206C51 /* Info.plist in Resources */,
				751FC4A425BF5794003CEDE9 /* LaunchScreen.storyboard in Resources */,
				751FC4A125BF5794003CEDE9 /* Assets.xcassets in Resources */,
				754D95BB25C81B3A00206C51 /* Media.xcassets in Resources */,
				751FC4BD25BF632D003CEDE9 /* Main.storyboard in Resources */,
				754D95C225C81B3A00206C51 /* MovieCollectionViewCell.xib in Resources */,
			);
			runOnlyForDeploymentPostprocessing = 0;
		};
/* End PBXResourcesBuildPhase section */

/* Begin PBXSourcesBuildPhase section */
		751FC48D25BF578F003CEDE9 /* Sources */ = {
			isa = PBXSourcesBuildPhase;
			buildActionMask = 2147483647;
			files = (
				754D95B825C81B3A00206C51 /* AppDelegate.swift in Sources */,
				75802ED225C23F5A00930047 /* MovieDBApp.xcdatamodeld in Sources */,
				754D95C025C81B3A00206C51 /* MovieListViewController.swift in Sources */,
				754D95CC25C81BF800206C51 /* FavMovie+CoreDataClass.swift in Sources */,
				754D95BC25C81B3A00206C51 /* Movie.swift in Sources */,
				754D95C325C81B3A00206C51 /* MovieDetailViewController.swift in Sources */,
				754D95C125C81B3A00206C51 /* MovieCollectionViewCell.swift in Sources */,
				754D95BF25C81B3A00206C51 /* ServiceManager.swift in Sources */,
				754D95CD25C81BF800206C51 /* FavMovie+CoreDataProperties.swift in Sources */,
				754D95BA25C81B3A00206C51 /* SceneDelegate.swift in Sources */,
			);
			runOnlyForDeploymentPostprocessing = 0;
		};
/* End PBXSourcesBuildPhase section */

/* Begin PBXVariantGroup section */
		751FC4A225BF5794003CEDE9 /* LaunchScreen.storyboard */ = {
			isa = PBXVariantGroup;
			children = (
				751FC4A325BF5794003CEDE9 /* Base */,
			);
			name = LaunchScreen.storyboard;
			sourceTree = "<group>";
		};
		751FC4BB25BF632D003CEDE9 /* Main.storyboard */ = {
			isa = PBXVariantGroup;
			children = (
				751FC4BC25BF632D003CEDE9 /* Base */,
			);
			name = Main.storyboard;
			sourceTree = "<group>";
		};
/* End PBXVariantGroup section */

/* Begin XCBuildConfiguration section */
		751FC4A625BF5794003CEDE9 /* Debug */ = {
			isa = XCBuildConfiguration;
			buildSettings = {
				ALWAYS_SEARCH_USER_PATHS = NO;
				CLANG_ANALYZER_NONNULL = YES;
				CLANG_ANALYZER_NUMBER_OBJECT_CONVERSION = YES_AGGRESSIVE;
				CLANG_CXX_LANGUAGE_STANDARD = "gnu++14";
				CLANG_CXX_LIBRARY = "libc++";
				CLANG_ENABLE_MODULES = YES;
				CLANG_ENABLE_OBJC_ARC = YES;
				CLANG_ENABLE_OBJC_WEAK = YES;
				CLANG_WARN_BLOCK_CAPTURE_AUTORELEASING = YES;
				CLANG_WARN_BOOL_CONVERSION = YES;
				CLANG_WARN_COMMA = YES;
				CLANG_WARN_CONSTANT_CONVERSION = YES;
				CLANG_WARN_DEPRECATED_OBJC_IMPLEMENTATIONS = YES;
				CLANG_WARN_DIRECT_OBJC_ISA_USAGE = YES_ERROR;
				CLANG_WARN_DOCUMENTATION_COMMENTS = YES;
				CLANG_WARN_EMPTY_BODY = YES;
				CLANG_WARN_ENUM_CONVERSION = YES;
				CLANG_WARN_INFINITE_RECURSION = YES;
				CLANG_WARN_INT_CONVERSION = YES;
				CLANG_WARN_NON_LITERAL_NULL_CONVERSION = YES;
				CLANG_WARN_OBJC_IMPLICIT_RETAIN_SELF = YES;
				CLANG_WARN_OBJC_LITERAL_CONVERSION = YES;
				CLANG_WARN_OBJC_ROOT_CLASS = YES_ERROR;
				CLANG_WARN_RANGE_LOOP_ANALYSIS = YES;
				CLANG_WARN_STRICT_PROTOTYPES = YES;
				CLANG_WARN_SUSPICIOUS_MOVE = YES;
				CLANG_WARN_UNGUARDED_AVAILABILITY = YES_AGGRESSIVE;
				CLANG_WARN_UNREACHABLE_CODE = YES;
				CLANG_WARN__DUPLICATE_METHOD_MATCH = YES;
				COPY_PHASE_STRIP = NO;
				DEBUG_INFORMATION_FORMAT = dwarf;
				ENABLE_STRICT_OBJC_MSGSEND = YES;
				ENABLE_TESTABILITY = YES;
				GCC_C_LANGUAGE_STANDARD = gnu11;
				GCC_DYNAMIC_NO_PIC = NO;
				GCC_NO_COMMON_BLOCKS = YES;
				GCC_OPTIMIZATION_LEVEL = 0;
				GCC_PREPROCESSOR_DEFINITIONS = (
					"DEBUG=1",
					"$(inherited)",
				);
				GCC_WARN_64_TO_32_BIT_CONVERSION = YES;
				GCC_WARN_ABOUT_RETURN_TYPE = YES_ERROR;
				GCC_WARN_UNDECLARED_SELECTOR = YES;
				GCC_WARN_UNINITIALIZED_AUTOS = YES_AGGRESSIVE;
				GCC_WARN_UNUSED_FUNCTION = YES;
				GCC_WARN_UNUSED_VARIABLE = YES;
				IPHONEOS_DEPLOYMENT_TARGET = 13.2;
				MTL_ENABLE_DEBUG_INFO = INCLUDE_SOURCE;
				MTL_FAST_MATH = YES;
				ONLY_ACTIVE_ARCH = YES;
				SDKROOT = iphoneos;
				SWIFT_ACTIVE_COMPILATION_CONDITIONS = DEBUG;
				SWIFT_OPTIMIZATION_LEVEL = "-Onone";
			};
			name = Debug;
		};
		751FC4A725BF5794003CEDE9 /* Release */ = {
			isa = XCBuildConfiguration;
			buildSettings = {
				ALWAYS_SEARCH_USER_PATHS = NO;
				CLANG_ANALYZER_NONNULL = YES;
				CLANG_ANALYZER_NUMBER_OBJECT_CONVERSION = YES_AGGRESSIVE;
				CLANG_CXX_LANGUAGE_STANDARD = "gnu++14";
				CLANG_CXX_LIBRARY = "libc++";
				CLANG_ENABLE_MODULES = YES;
				CLANG_ENABLE_OBJC_ARC = YES;
				CLANG_ENABLE_OBJC_WEAK = YES;
				CLANG_WARN_BLOCK_CAPTURE_AUTORELEASING = YES;
				CLANG_WARN_BOOL_CONVERSION = YES;
				CLANG_WARN_COMMA = YES;
				CLANG_WARN_CONSTANT_CONVERSION = YES;
				CLANG_WARN_DEPRECATED_OBJC_IMPLEMENTATIONS = YES;
				CLANG_WARN_DIRECT_OBJC_ISA_USAGE = YES_ERROR;
				CLANG_WARN_DOCUMENTATION_COMMENTS = YES;
				CLANG_WARN_EMPTY_BODY = YES;
				CLANG_WARN_ENUM_CONVERSION = YES;
				CLANG_WARN_INFINITE_RECURSION = YES;
				CLANG_WARN_INT_CONVERSION = YES;
				CLANG_WARN_NON_LITERAL_NULL_CONVERSION = YES;
				CLANG_WARN_OBJC_IMPLICIT_RETAIN_SELF = YES;
				CLANG_WARN_OBJC_LITERAL_CONVERSION = YES;
				CLANG_WARN_OBJC_ROOT_CLASS = YES_ERROR;
				CLANG_WARN_RANGE_LOOP_ANALYSIS = YES;
				CLANG_WARN_STRICT_PROTOTYPES = YES;
				CLANG_WARN_SUSPICIOUS_MOVE = YES;
				CLANG_WARN_UNGUARDED_AVAILABILITY = YES_AGGRESSIVE;
				CLANG_WARN_UNREACHABLE_CODE = YES;
				CLANG_WARN__DUPLICATE_METHOD_MATCH = YES;
				COPY_PHASE_STRIP = NO;
				DEBUG_INFORMATION_FORMAT = "dwarf-with-dsym";
				ENABLE_NS_ASSERTIONS = NO;
				ENABLE_STRICT_OBJC_MSGSEND = YES;
				GCC_C_LANGUAGE_STANDARD = gnu11;
				GCC_NO_COMMON_BLOCKS = YES;
				GCC_WARN_64_TO_32_BIT_CONVERSION = YES;
				GCC_WARN_ABOUT_RETURN_TYPE = YES_ERROR;
				GCC_WARN_UNDECLARED_SELECTOR = YES;
				GCC_WARN_UNINITIALIZED_AUTOS = YES_AGGRESSIVE;
				GCC_WARN_UNUSED_FUNCTION = YES;
				GCC_WARN_UNUSED_VARIABLE = YES;
				IPHONEOS_DEPLOYMENT_TARGET = 13.2;
				MTL_ENABLE_DEBUG_INFO = NO;
				MTL_FAST_MATH = YES;
				SDKROOT = iphoneos;
				SWIFT_COMPILATION_MODE = wholemodule;
				SWIFT_OPTIMIZATION_LEVEL = "-O";
				VALIDATE_PRODUCT = YES;
			};
			name = Release;
		};
		751FC4A925BF5794003CEDE9 /* Debug */ = {
			isa = XCBuildConfiguration;
			buildSettings = {
				ASSETCATALOG_COMPILER_APPICON_NAME = AppIcon;
				CLANG_ENABLE_MODULES = YES;
				CODE_SIGN_STYLE = Automatic;
				DEVELOPMENT_TEAM = 3YG8R8S4DN;
				INFOPLIST_FILE = MovieDBApp/Info.plist;
				LD_RUNPATH_SEARCH_PATHS = (
					"$(inherited)",
					"@executable_path/Frameworks",
				);
				PRODUCT_BUNDLE_IDENTIFIER = co.faiggarazade.moviedbapp.MovieDBApp;
				PRODUCT_NAME = "$(TARGET_NAME)";
				SWIFT_OPTIMIZATION_LEVEL = "-Onone";
				SWIFT_VERSION = 5.0;
				TARGETED_DEVICE_FAMILY = "1,2";
			};
			name = Debug;
		};
		751FC4AA25BF5794003CEDE9 /* Release */ = {
			isa = XCBuildConfiguration;
			buildSettings = {
				ASSETCATALOG_COMPILER_APPICON_NAME = AppIcon;
				CLANG_ENABLE_MODULES = YES;
				CODE_SIGN_STYLE = Automatic;
				DEVELOPMENT_TEAM = 3YG8R8S4DN;
				INFOPLIST_FILE = MovieDBApp/Info.plist;
				LD_RUNPATH_SEARCH_PATHS = (
					"$(inherited)",
					"@executable_path/Frameworks",
				);
				PRODUCT_BUNDLE_IDENTIFIER = co.faiggarazade.moviedbapp.MovieDBApp;
				PRODUCT_NAME = "$(TARGET_NAME)";
				SWIFT_VERSION = 5.0;
				TARGETED_DEVICE_FAMILY = "1,2";
			};
			name = Release;
		};
/* End XCBuildConfiguration section */

/* Begin XCConfigurationList section */
		751FC48C25BF578F003CEDE9 /* Build configuration list for PBXProject "MovieDBApp" */ = {
			isa = XCConfigurationList;
			buildConfigurations = (
				751FC4A625BF5794003CEDE9 /* Debug */,
				751FC4A725BF5794003CEDE9 /* Release */,
			);
			defaultConfigurationIsVisible = 0;
			defaultConfigurationName = Release;
		};
		751FC4A825BF5794003CEDE9 /* Build configuration list for PBXNativeTarget "MovieDBApp" */ = {
			isa = XCConfigurationList;
			buildConfigurations = (
				751FC4A925BF5794003CEDE9 /* Debug */,
				751FC4AA25BF5794003CEDE9 /* Release */,
			);
			defaultConfigurationIsVisible = 0;
			defaultConfigurationName = Release;
		};
/* End XCConfigurationList section */

/* Begin XCVersionGroup section */
		751FC49D25BF578F003CEDE9 /* MovieDBApp.xcdatamodeld */ = {
			isa = XCVersionGroup;
			children = (
				751FC49E25BF578F003CEDE9 /* MovieDBApp.xcdatamodel */,
			);
			currentVersion = 751FC49E25BF578F003CEDE9 /* MovieDBApp.xcdatamodel */;
			path = MovieDBApp.xcdatamodeld;
			sourceTree = "<group>";
			versionGroupType = wrapper.xcdatamodel;
		};
/* End XCVersionGroup section */
	};
	rootObject = 751FC48925BF578F003CEDE9 /* Project object */;
}
